
Microsoft Visual Studio Solution File, Format Version 12.00
# Visual Studio Version 17
VisualStudioVersion = 17.11.35219.272
MinimumVisualStudioVersion = 10.0.40219.1
Project("{9A19103F-16F7-4668-BE54-9A1E7A4F7556}") = "A1_CLI", "JonathanSaravia_Assignment1_CLI\A1_CLI.csproj", "{21AC9953-BD8D-42D5-906C-F0A501B0F1A5}"
EndProject
Global
	GlobalSection(SolutionConfigurationPlatforms) = preSolution
		Debug|Any CPU = Debug|Any CPU
		Release|Any CPU = Release|Any CPU
	EndGlobalSection
	GlobalSection(ProjectConfigurationPlatforms) = postSolution
		{21AC9953-BD8D-42D5-906C-F0A501B0F1A5}.Debug|Any CPU.ActiveCfg = Debug|Any CPU
		{21AC9953-BD8D-42D5-906C-F0A501B0F1A5}.Debug|Any CPU.Build.0 = Debug|Any CPU
		{21AC9953-BD8D-42D5-906C-F0A501B0F1A5}.Release|Any CPU.ActiveCfg = Release|Any CPU
		{21AC9953-BD8D-42D5-906C-F0A501B0F1A5}.Release|Any CPU.Build.0 = Release|Any CPU
	EndGlobalSection
	GlobalSection(SolutionProperties) = preSolution
		HideSolutionNode = FALSE
	EndGlobalSection
	GlobalSection(ExtensibilityGlobals) = postSolution
		SolutionGuid = {8BCBC7E1-762C-4C28-95FA-93405C4FF872}
	EndGlobalSection
EndGlobal
